
Microsoft Visual Studio Solution File, Format Version 12.00
# Visual Studio 15
VisualStudioVersion = 15.0.27130.2010
MinimumVisualStudioVersion = 10.0.40219.1
Project("{FAE04EC0-301F-11D3-BF4B-00C04F79EFBC}") = "ProjectFunctionalTests", "ProjectFunctionalTests\ProjectFunctionalTests.csproj", "{4847DF09-8FE5-45E1-8352-B628FF5A7836}"
EndProject
Global
	GlobalSection(SolutionConfigurationPlatforms) = preSolution
		Debug|Any CPU = Debug|Any CPU
		Release|Any CPU = Release|Any CPU
	EndGlobalSection
	GlobalSection(ProjectConfigurationPlatforms) = postSolution
		{4847DF09-8FE5-45E1-8352-B628FF5A7836}.Debug|Any CPU.ActiveCfg = Debug|Any CPU
		{4847DF09-8FE5-45E1-8352-B628FF5A7836}.Debug|Any CPU.Build.0 = Debug|Any CPU
		{4847DF09-8FE5-45E1-8352-B628FF5A7836}.Release|Any CPU.ActiveCfg = Release|Any CPU
		{4847DF09-8FE5-45E1-8352-B628FF5A7836}.Release|Any CPU.Build.0 = Release|Any CPU
	EndGlobalSection
	GlobalSection(SolutionProperties) = preSolution
		HideSolutionNode = FALSE
	EndGlobalSection
	GlobalSection(ExtensibilityGlobals) = postSolution
		SolutionGuid = {3028C1A4-133F-48B5-93C3-AF3CD586515B}
	EndGlobalSection
EndGlobal
